
Microsoft Visual Studio Solution File, Format Version 12.00
# Visual Studio 15
VisualStudioVersion = 15.0.28307.779
MinimumVisualStudioVersion = 10.0.40219.1
Project("{FAE04EC0-301F-11D3-BF4B-00C04F79EFBC}") = "YurtOtomasyonu", "Form Yurt Otomasyonu SQL\YurtOtomasyonu.csproj", "{D1E88F2B-666C-4E74-B401-9F4E3C353896}"
EndProject
Global
	GlobalSection(SolutionConfigurationPlatforms) = preSolution
		Debug|Any CPU = Debug|Any CPU
		Release|Any CPU = Release|Any CPU
	EndGlobalSection
	GlobalSection(ProjectConfigurationPlatforms) = postSolution
		{D1E88F2B-666C-4E74-B401-9F4E3C353896}.Debug|Any CPU.ActiveCfg = Debug|Any CPU
		{D1E88F2B-666C-4E74-B401-9F4E3C353896}.Debug|Any CPU.Build.0 = Debug|Any CPU
		{D1E88F2B-666C-4E74-B401-9F4E3C353896}.Release|Any CPU.ActiveCfg = Release|Any CPU
		{D1E88F2B-666C-4E74-B401-9F4E3C353896}.Release|Any CPU.Build.0 = Release|Any CPU
	EndGlobalSection
	GlobalSection(SolutionProperties) = preSolution
		HideSolutionNode = FALSE
	EndGlobalSection
	GlobalSection(ExtensibilityGlobals) = postSolution
		SolutionGuid = {E72719B7-B6A5-4A83-8716-D1EF705A1CA6}
	EndGlobalSection
EndGlobal
